
Microsoft Visual Studio Solution File, Format Version 12.00
# Visual Studio Version 16
VisualStudioVersion = 16.0.29409.12
MinimumVisualStudioVersion = 10.0.40219.1
Project("{9A19103F-16F7-4668-BE54-9A1E7A4F7556}") = "YnabClient", "YnabClient\YnabClient.csproj", "{4F09836A-5B59-4017-9C60-085EF518275D}"
EndProject
Project("{9A19103F-16F7-4668-BE54-9A1E7A4F7556}") = "YnabBotService", "YnabBotService\YnabBotService.csproj", "{31EF9854-A99A-42F3-9DFA-9E2A0C7B19EA}"
EndProject
Project("{2150E333-8FDC-42A3-9474-1A3956D46DE8}") = "Messengers", "Messengers", "{C7DF2737-F9BB-4B29-9A9D-65976EBB44C2}"
EndProject
Project("{9A19103F-16F7-4668-BE54-9A1E7A4F7556}") = "Interfaces", "Messengers\Interfaces\Interfaces.csproj", "{9B978DED-56FB-4558-BCBC-86C801C16EA0}"
EndProject
Project("{9A19103F-16F7-4668-BE54-9A1E7A4F7556}") = "Telegram", "Messengers\Telegram\Telegram.csproj", "{F6C6FF58-8599-4DC4-B9EA-5E235AFD9A6E}"
EndProject
Project("{2150E333-8FDC-42A3-9474-1A3956D46DE8}") = "Banks", "Banks", "{10AAE024-4FAA-4645-9D1E-A8776CCC374F}"
EndProject
Project("{9A19103F-16F7-4668-BE54-9A1E7A4F7556}") = "Interfaces", "Banks\Interfaces\Interfaces.csproj", "{F3F8290C-0E13-4733-AF84-FDAB346681EA}"
EndProject
Project("{FAE04EC0-301F-11D3-BF4B-00C04F79EFBC}") = "AlfaBank", "Banks\AlfaBank\AlfaBank.csproj", "{FFB5CB6F-AFEA-44C6-9C2A-4B6F7D2A690E}"
EndProject
Project("{FAE04EC0-301F-11D3-BF4B-00C04F79EFBC}") = "SberBank", "Banks\SberBank\SberBank.csproj", "{D20B17B2-D71B-4E50-A99F-23EEB5B8EE26}"
EndProject
Project("{FAE04EC0-301F-11D3-BF4B-00C04F79EFBC}") = "Tinkoff", "Banks\Tinkoff\Tinkoff.csproj", "{5236BA20-E490-4849-9F4F-50F5E1F352EF}"
EndProject
Project("{FAE04EC0-301F-11D3-BF4B-00C04F79EFBC}") = "Citibank", "Banks\Citibank\Citibank.csproj", "{4FC5CE51-D4EC-4DB7-910A-0F2943AB433D}"
EndProject
Project("{FAE04EC0-301F-11D3-BF4B-00C04F79EFBC}") = "Domain", "Domain\Domain.csproj", "{454CCD01-4FA7-4E14-A3F6-FA1A65FFA42B}"
EndProject
Project("{FAE04EC0-301F-11D3-BF4B-00C04F79EFBC}") = "Persistent", "Persistent\Persistent.csproj", "{84BD391D-8E81-4E76-910F-8A86011AA7B3}"
EndProject
Global
	GlobalSection(SolutionConfigurationPlatforms) = preSolution
		Debug|Any CPU = Debug|Any CPU
		Release|Any CPU = Release|Any CPU
	EndGlobalSection
	GlobalSection(ProjectConfigurationPlatforms) = postSolution
		{4F09836A-5B59-4017-9C60-085EF518275D}.Debug|Any CPU.ActiveCfg = Debug|Any CPU
		{4F09836A-5B59-4017-9C60-085EF518275D}.Debug|Any CPU.Build.0 = Debug|Any CPU
		{4F09836A-5B59-4017-9C60-085EF518275D}.Release|Any CPU.ActiveCfg = Release|Any CPU
		{4F09836A-5B59-4017-9C60-085EF518275D}.Release|Any CPU.Build.0 = Release|Any CPU
		{31EF9854-A99A-42F3-9DFA-9E2A0C7B19EA}.Debug|Any CPU.ActiveCfg = Debug|Any CPU
		{31EF9854-A99A-42F3-9DFA-9E2A0C7B19EA}.Debug|Any CPU.Build.0 = Debug|Any CPU
		{31EF9854-A99A-42F3-9DFA-9E2A0C7B19EA}.Release|Any CPU.ActiveCfg = Release|Any CPU
		{31EF9854-A99A-42F3-9DFA-9E2A0C7B19EA}.Release|Any CPU.Build.0 = Release|Any CPU
		{9B978DED-56FB-4558-BCBC-86C801C16EA0}.Debug|Any CPU.ActiveCfg = Debug|Any CPU
		{9B978DED-56FB-4558-BCBC-86C801C16EA0}.Debug|Any CPU.Build.0 = Debug|Any CPU
		{9B978DED-56FB-4558-BCBC-86C801C16EA0}.Release|Any CPU.ActiveCfg = Release|Any CPU
		{9B978DED-56FB-4558-BCBC-86C801C16EA0}.Release|Any CPU.Build.0 = Release|Any CPU
		{F6C6FF58-8599-4DC4-B9EA-5E235AFD9A6E}.Debug|Any CPU.ActiveCfg = Debug|Any CPU
		{F6C6FF58-8599-4DC4-B9EA-5E235AFD9A6E}.Debug|Any CPU.Build.0 = Debug|Any CPU
		{F6C6FF58-8599-4DC4-B9EA-5E235AFD9A6E}.Release|Any CPU.ActiveCfg = Release|Any CPU
		{F6C6FF58-8599-4DC4-B9EA-5E235AFD9A6E}.Release|Any CPU.Build.0 = Release|Any CPU
		{F3F8290C-0E13-4733-AF84-FDAB346681EA}.Debug|Any CPU.ActiveCfg = Debug|Any CPU
		{F3F8290C-0E13-4733-AF84-FDAB346681EA}.Debug|Any CPU.Build.0 = Debug|Any CPU
		{F3F8290C-0E13-4733-AF84-FDAB346681EA}.Release|Any CPU.ActiveCfg = Release|Any CPU
		{F3F8290C-0E13-4733-AF84-FDAB346681EA}.Release|Any CPU.Build.0 = Release|Any CPU
		{FFB5CB6F-AFEA-44C6-9C2A-4B6F7D2A690E}.Debug|Any CPU.ActiveCfg = Debug|Any CPU
		{FFB5CB6F-AFEA-44C6-9C2A-4B6F7D2A690E}.Debug|Any CPU.Build.0 = Debug|Any CPU
		{FFB5CB6F-AFEA-44C6-9C2A-4B6F7D2A690E}.Release|Any CPU.ActiveCfg = Release|Any CPU
		{FFB5CB6F-AFEA-44C6-9C2A-4B6F7D2A690E}.Release|Any CPU.Build.0 = Release|Any CPU
		{D20B17B2-D71B-4E50-A99F-23EEB5B8EE26}.Debug|Any CPU.ActiveCfg = Debug|Any CPU
		{D20B17B2-D71B-4E50-A99F-23EEB5B8EE26}.Debug|Any CPU.Build.0 = Debug|Any CPU
		{D20B17B2-D71B-4E50-A99F-23EEB5B8EE26}.Release|Any CPU.ActiveCfg = Release|Any CPU
		{D20B17B2-D71B-4E50-A99F-23EEB5B8EE26}.Release|Any CPU.Build.0 = Release|Any CPU
		{5236BA20-E490-4849-9F4F-50F5E1F352EF}.Debug|Any CPU.ActiveCfg = Debug|Any CPU
		{5236BA20-E490-4849-9F4F-50F5E1F352EF}.Debug|Any CPU.Build.0 = Debug|Any CPU
		{5236BA20-E490-4849-9F4F-50F5E1F352EF}.Release|Any CPU.ActiveCfg = Release|Any CPU
		{5236BA20-E490-4849-9F4F-50F5E1F352EF}.Release|Any CPU.Build.0 = Release|Any CPU
		{4FC5CE51-D4EC-4DB7-910A-0F2943AB433D}.Debug|Any CPU.ActiveCfg = Debug|Any CPU
		{4FC5CE51-D4EC-4DB7-910A-0F2943AB433D}.Debug|Any CPU.Build.0 = Debug|Any CPU
		{4FC5CE51-D4EC-4DB7-910A-0F2943AB433D}.Release|Any CPU.ActiveCfg = Release|Any CPU
		{4FC5CE51-D4EC-4DB7-910A-0F2943AB433D}.Release|Any CPU.Build.0 = Release|Any CPU
		{454CCD01-4FA7-4E14-A3F6-FA1A65FFA42B}.Debug|Any CPU.ActiveCfg = Debug|Any CPU
		{454CCD01-4FA7-4E14-A3F6-FA1A65FFA42B}.Debug|Any CPU.Build.0 = Debug|Any CPU
		{454CCD01-4FA7-4E14-A3F6-FA1A65FFA42B}.Release|Any CPU.ActiveCfg = Release|Any CPU
		{454CCD01-4FA7-4E14-A3F6-FA1A65FFA42B}.Release|Any CPU.Build.0 = Release|Any CPU
		{84BD391D-8E81-4E76-910F-8A86011AA7B3}.Debug|Any CPU.ActiveCfg = Debug|Any CPU
		{84BD391D-8E81-4E76-910F-8A86011AA7B3}.Debug|Any CPU.Build.0 = Debug|Any CPU
		{84BD391D-8E81-4E76-910F-8A86011AA7B3}.Release|Any CPU.ActiveCfg = Release|Any CPU
		{84BD391D-8E81-4E76-910F-8A86011AA7B3}.Release|Any CPU.Build.0 = Release|Any CPU
	EndGlobalSection
	GlobalSection(SolutionProperties) = preSolution
		HideSolutionNode = FALSE
	EndGlobalSection
	GlobalSection(NestedProjects) = preSolution
		{9B978DED-56FB-4558-BCBC-86C801C16EA0} = {C7DF2737-F9BB-4B29-9A9D-65976EBB44C2}
		{F6C6FF58-8599-4DC4-B9EA-5E235AFD9A6E} = {C7DF2737-F9BB-4B29-9A9D-65976EBB44C2}
		{F3F8290C-0E13-4733-AF84-FDAB346681EA} = {10AAE024-4FAA-4645-9D1E-A8776CCC374F}
		{FFB5CB6F-AFEA-44C6-9C2A-4B6F7D2A690E} = {10AAE024-4FAA-4645-9D1E-A8776CCC374F}
		{D20B17B2-D71B-4E50-A99F-23EEB5B8EE26} = {10AAE024-4FAA-4645-9D1E-A8776CCC374F}
		{5236BA20-E490-4849-9F4F-50F5E1F352EF} = {10AAE024-4FAA-4645-9D1E-A8776CCC374F}
		{4FC5CE51-D4EC-4DB7-910A-0F2943AB433D} = {10AAE024-4FAA-4645-9D1E-A8776CCC374F}
	EndGlobalSection
	GlobalSection(ExtensibilityGlobals) = postSolution
		SolutionGuid = {79A08581-35E4-49D1-8172-358E6440F251}
	EndGlobalSection
EndGlobal
